
Microsoft Visual Studio Solution File, Format Version 12.00
# Visual Studio Version 16
VisualStudioVersion = 16.0.30621.155
MinimumVisualStudioVersion = 10.0.40219.1
Project("{FAE04EC0-301F-11D3-BF4B-00C04F79EFBC}") = "MiniCapptivate", "MiniCapptivate\MiniCapptivate.csproj", "{4EB7087E-662D-414A-983B-91896454A072}"
EndProject
Global
	GlobalSection(SolutionConfigurationPlatforms) = preSolution
		Debug|Any CPU = Debug|Any CPU
		Release|Any CPU = Release|Any CPU
	EndGlobalSection
	GlobalSection(ProjectConfigurationPlatforms) = postSolution
		{4EB7087E-662D-414A-983B-91896454A072}.Debug|Any CPU.ActiveCfg = Debug|Any CPU
		{4EB7087E-662D-414A-983B-91896454A072}.Debug|Any CPU.Build.0 = Debug|Any CPU
		{4EB7087E-662D-414A-983B-91896454A072}.Release|Any CPU.ActiveCfg = Release|Any CPU
		{4EB7087E-662D-414A-983B-91896454A072}.Release|Any CPU.Build.0 = Release|Any CPU
	EndGlobalSection
	GlobalSection(SolutionProperties) = preSolution
		HideSolutionNode = FALSE
	EndGlobalSection
	GlobalSection(ExtensibilityGlobals) = postSolution
		SolutionGuid = {F363C4BD-9708-459B-90D9-704D45840B20}
	EndGlobalSection
EndGlobal
